
Microsoft Visual Studio Solution File, Format Version 12.00
# Visual Studio Version 17
VisualStudioVersion = 17.7.34031.279
MinimumVisualStudioVersion = 10.0.40219.1
Project("{FAE04EC0-301F-11D3-BF4B-00C04F79EFBC}") = "commerce_2.0", "commerce_2.0\commerce_2.0.csproj", "{E09D14B4-6FE1-43A5-B8D8-EFD9D0A112C0}"
EndProject
Global
	GlobalSection(SolutionConfigurationPlatforms) = preSolution
		Debug|Any CPU = Debug|Any CPU
		Release|Any CPU = Release|Any CPU
	EndGlobalSection
	GlobalSection(ProjectConfigurationPlatforms) = postSolution
		{E09D14B4-6FE1-43A5-B8D8-EFD9D0A112C0}.Debug|Any CPU.ActiveCfg = Debug|Any CPU
		{E09D14B4-6FE1-43A5-B8D8-EFD9D0A112C0}.Debug|Any CPU.Build.0 = Debug|Any CPU
		{E09D14B4-6FE1-43A5-B8D8-EFD9D0A112C0}.Release|Any CPU.ActiveCfg = Release|Any CPU
		{E09D14B4-6FE1-43A5-B8D8-EFD9D0A112C0}.Release|Any CPU.Build.0 = Release|Any CPU
	EndGlobalSection
	GlobalSection(SolutionProperties) = preSolution
		HideSolutionNode = FALSE
	EndGlobalSection
	GlobalSection(ExtensibilityGlobals) = postSolution
		SolutionGuid = {D47BC08C-63AC-4398-A4AA-68097BBAB4CA}
	EndGlobalSection
EndGlobal
